// !$*UTF8*$!
{
	archiveVersion = 1;
	classes = {
	};
	objectVersion = 48;
	objects = {

/* Begin PBXBuildFile section */
		84C5CE5A20CE8F1C00F274A4 /* AppDelegate.swift in Sources */ = {isa = PBXBuildFile; fileRef = 84C5CE5920CE8F1C00F274A4 /* AppDelegate.swift */; };
		84C5CE5C20CE8F1C00F274A4 /* ViewController.swift in Sources */ = {isa = PBXBuildFile; fileRef = 84C5CE5B20CE8F1C00F274A4 /* ViewController.swift */; };
		84C5CE5F20CE8F1C00F274A4 /* Main.storyboard in Resources */ = {isa = PBXBuildFile; fileRef = 84C5CE5D20CE8F1C00F274A4 /* Main.storyboard */; };
		84C5CE6120CE8F1C00F274A4 /* Assets.xcassets in Resources */ = {isa = PBXBuildFile; fileRef = 84C5CE6020CE8F1C00F274A4 /* Assets.xcassets */; };
		84C5CE6420CE8F1C00F274A4 /* LaunchScreen.storyboard in Resources */ = {isa = PBXBuildFile; fileRef = 84C5CE6220CE8F1C00F274A4 /* LaunchScreen.storyboard */; };
		84C5CE6F20CE8F1D00F274A4 /* conf2018rxTests.swift in Sources */ = {isa = PBXBuildFile; fileRef = 84C5CE6E20CE8F1D00F274A4 /* conf2018rxTests.swift */; };
/* End PBXBuildFile section */

/* Begin PBXContainerItemProxy section */
		84C5CE6B20CE8F1D00F274A4 /* PBXContainerItemProxy */ = {
			isa = PBXContainerItemProxy;
			containerPortal = 84C5CE4E20CE8F1C00F274A4 /* Project object */;
			proxyType = 1;
			remoteGlobalIDString = 84C5CE5520CE8F1C00F274A4;
			remoteInfo = conf2018rx;
		};
/* End PBXContainerItemProxy section */

/* Begin PBXFileReference section */
		84C5CE5620CE8F1C00F274A4 /* conf2018rx.app */ = {isa = PBXFileReference; explicitFileType = wrapper.application; includeInIndex = 0; path = conf2018rx.app; sourceTree = BUILT_PRODUCTS_DIR; };
		84C5CE5920CE8F1C00F274A4 /* AppDelegate.swift */ = {isa = PBXFileReference; lastKnownFileType = sourcecode.swift; path = AppDelegate.swift; sourceTree = "<group>"; };
		84C5CE5B20CE8F1C00F274A4 /* ViewController.swift */ = {isa = PBXFileReference; lastKnownFileType = sourcecode.swift; path = ViewController.swift; sourceTree = "<group>"; };
		84C5CE5E20CE8F1C00F274A4 /* Base */ = {isa = PBXFileReference; lastKnownFileType = file.storyboard; name = Base; path = Base.lproj/Main.storyboard; sourceTree = "<group>"; };
		84C5CE6020CE8F1C00F274A4 /* Assets.xcassets */ = {isa = PBXFileReference; lastKnownFileType = folder.assetcatalog; path = Assets.xcassets; sourceTree = "<group>"; };
		84C5CE6320CE8F1C00F274A4 /* Base */ = {isa = PBXFileReference; lastKnownFileType = file.storyboard; name = Base; path = Base.lproj/LaunchScreen.storyboard; sourceTree = "<group>"; };
		84C5CE6520CE8F1C00F274A4 /* Info.plist */ = {isa = PBXFileReference; lastKnownFileType = text.plist.xml; path = Info.plist; sourceTree = "<group>"; };
		84C5CE6A20CE8F1D00F274A4 /* conf2018rxTests.xctest */ = {isa = PBXFileReference; explicitFileType = wrapper.cfbundle; includeInIndex = 0; path = conf2018rxTests.xctest; sourceTree = BUILT_PRODUCTS_DIR; };
		84C5CE6E20CE8F1D00F274A4 /* conf2018rxTests.swift */ = {isa = PBXFileReference; lastKnownFileType = sourcecode.swift; path = conf2018rxTests.swift; sourceTree = "<group>"; };
		84C5CE7020CE8F1D00F274A4 /* Info.plist */ = {isa = PBXFileReference; lastKnownFileType = text.plist.xml; path = Info.plist; sourceTree = "<group>"; };
/* End PBXFileReference section */

/* Begin PBXFrameworksBuildPhase section */
		84C5CE5320CE8F1C00F274A4 /* Frameworks */ = {
			isa = PBXFrameworksBuildPhase;
			buildActionMask = 2147483647;
			files = (
			);
			runOnlyForDeploymentPostprocessing = 0;
		};
		84C5CE6720CE8F1D00F274A4 /* Frameworks */ = {
			isa = PBXFrameworksBuildPhase;
			buildActionMask = 2147483647;
			files = (
			);
			runOnlyForDeploymentPostprocessing = 0;
		};
/* End PBXFrameworksBuildPhase section */

/* Begin PBXGroup section */
		84C5CE4D20CE8F1C00F274A4 = {
			isa = PBXGroup;
			children = (
				84C5CE5820CE8F1C00F274A4 /* conf2018rx */,
				84C5CE6D20CE8F1D00F274A4 /* conf2018rxTests */,
				84C5CE5720CE8F1C00F274A4 /* Products */,
			);
			sourceTree = "<group>";
		};
		84C5CE5720CE8F1C00F274A4 /* Products */ = {
			isa = PBXGroup;
			children = (
				84C5CE5620CE8F1C00F274A4 /* conf2018rx.app */,
				84C5CE6A20CE8F1D00F274A4 /* conf2018rxTests.xctest */,
			);
			name = Products;
			sourceTree = "<group>";
		};
		84C5CE5820CE8F1C00F274A4 /* conf2018rx */ = {
			isa = PBXGroup;
			children = (
				84C5CE5920CE8F1C00F274A4 /* AppDelegate.swift */,
				84C5CE5B20CE8F1C00F274A4 /* ViewController.swift */,
				84C5CE5D20CE8F1C00F274A4 /* Main.storyboard */,
				84C5CE6020CE8F1C00F274A4 /* Assets.xcassets */,
				84C5CE6220CE8F1C00F274A4 /* LaunchScreen.storyboard */,
				84C5CE6520CE8F1C00F274A4 /* Info.plist */,
			);
			path = conf2018rx;
			sourceTree = "<group>";
		};
		84C5CE6D20CE8F1D00F274A4 /* conf2018rxTests */ = {
			isa = PBXGroup;
			children = (
				84C5CE6E20CE8F1D00F274A4 /* conf2018rxTests.swift */,
				84C5CE7020CE8F1D00F274A4 /* Info.plist */,
			);
			path = conf2018rxTests;
			sourceTree = "<group>";
		};
/* End PBXGroup section */

/* Begin PBXNativeTarget section */
		84C5CE5520CE8F1C00F274A4 /* conf2018rx */ = {
			isa = PBXNativeTarget;
			buildConfigurationList = 84C5CE7320CE8F1D00F274A4 /* Build configuration list for PBXNativeTarget "conf2018rx" */;
			buildPhases = (
				84C5CE5220CE8F1C00F274A4 /* Sources */,
				84C5CE5320CE8F1C00F274A4 /* Frameworks */,
				84C5CE5420CE8F1C00F274A4 /* Resources */,
			);
			buildRules = (
			);
			dependencies = (
			);
			name = conf2018rx;
			productName = conf2018rx;
			productReference = 84C5CE5620CE8F1C00F274A4 /* conf2018rx.app */;
			productType = "com.apple.product-type.application";
		};
		84C5CE6920CE8F1D00F274A4 /* conf2018rxTests */ = {
			isa = PBXNativeTarget;
			buildConfigurationList = 84C5CE7620CE8F1D00F274A4 /* Build configuration list for PBXNativeTarget "conf2018rxTests" */;
			buildPhases = (
				84C5CE6620CE8F1D00F274A4 /* Sources */,
				84C5CE6720CE8F1D00F274A4 /* Frameworks */,
				84C5CE6820CE8F1D00F274A4 /* Resources */,
			);
			buildRules = (
			);
			dependencies = (
				84C5CE6C20CE8F1D00F274A4 /* PBXTargetDependency */,
			);
			name = conf2018rxTests;
			productName = conf2018rxTests;
			productReference = 84C5CE6A20CE8F1D00F274A4 /* conf2018rxTests.xctest */;
			productType = "com.apple.product-type.bundle.unit-test";
		};
/* End PBXNativeTarget section */

/* Begin PBXProject section */
		84C5CE4E20CE8F1C00F274A4 /* Project object */ = {
			isa = PBXProject;
			attributes = {
				LastSwiftUpdateCheck = 0920;
				LastUpgradeCheck = 0920;
				ORGANIZATIONNAME = SimbirSoft;
				TargetAttributes = {
					84C5CE5520CE8F1C00F274A4 = {
						CreatedOnToolsVersion = 9.2;
						ProvisioningStyle = Automatic;
					};
					84C5CE6920CE8F1D00F274A4 = {
						CreatedOnToolsVersion = 9.2;
						ProvisioningStyle = Automatic;
						TestTargetID = 84C5CE5520CE8F1C00F274A4;
					};
				};
			};
			buildConfigurationList = 84C5CE5120CE8F1C00F274A4 /* Build configuration list for PBXProject "conf2018rx" */;
			compatibilityVersion = "Xcode 8.0";
			developmentRegion = en;
			hasScannedForEncodings = 0;
			knownRegions = (
				en,
				Base,
			);
			mainGroup = 84C5CE4D20CE8F1C00F274A4;
			productRefGroup = 84C5CE5720CE8F1C00F274A4 /* Products */;
			projectDirPath = "";
			projectRoot = "";
			targets = (
				84C5CE5520CE8F1C00F274A4 /* conf2018rx */,
				84C5CE6920CE8F1D00F274A4 /* conf2018rxTests */,
			);
		};
/* End PBXProject section */

/* Begin PBXResourcesBuildPhase section */
		84C5CE5420CE8F1C00F274A4 /* Resources */ = {
			isa = PBXResourcesBuildPhase;
			buildActionMask = 2147483647;
			files = (
				84C5CE6420CE8F1C00F274A4 /* LaunchScreen.storyboard in Resources */,
				84C5CE6120CE8F1C00F274A4 /* Assets.xcassets in Resources */,
				84C5CE5F20CE8F1C00F274A4 /* Main.storyboard in Resources */,
			);
			runOnlyForDeploymentPostprocessing = 0;
		};
		84C5CE6820CE8F1D00F274A4 /* Resources */ = {
			isa = PBXResourcesBuildPhase;
			buildActionMask = 2147483647;
			files = (
			);
			runOnlyForDeploymentPostprocessing = 0;
		};
/* End PBXResourcesBuildPhase section */

/* Begin PBXSourcesBuildPhase section */
		84C5CE5220CE8F1C00F274A4 /* Sources */ = {
			isa = PBXSourcesBuildPhase;
			buildActionMask = 2147483647;
			files = (
				84C5CE5C20CE8F1C00F274A4 /* ViewController.swift in Sources */,
				84C5CE5A20CE8F1C00F274A4 /* AppDelegate.swift in Sources */,
			);
			runOnlyForDeploymentPostprocessing = 0;
		};
		84C5CE6620CE8F1D00F274A4 /* Sources */ = {
			isa = PBXSourcesBuildPhase;
			buildActionMask = 2147483647;
			files = (
				84C5CE6F20CE8F1D00F274A4 /* conf2018rxTests.swift in Sources */,
			);
			runOnlyForDeploymentPostprocessing = 0;
		};
/* End PBXSourcesBuildPhase section */

/* Begin PBXTargetDependency section */
		84C5CE6C20CE8F1D00F274A4 /* PBXTargetDependency */ = {
			isa = PBXTargetDependency;
			target = 84C5CE5520CE8F1C00F274A4 /* conf2018rx */;
			targetProxy = 84C5CE6B20CE8F1D00F274A4 /* PBXContainerItemProxy */;
		};
/* End PBXTargetDependency section */

/* Begin PBXVariantGroup section */
		84C5CE5D20CE8F1C00F274A4 /* Main.storyboard */ = {
			isa = PBXVariantGroup;
			children = (
				84C5CE5E20CE8F1C00F274A4 /* Base */,
			);
			name = Main.storyboard;
			sourceTree = "<group>";
		};
		84C5CE6220CE8F1C00F274A4 /* LaunchScreen.storyboard */ = {
			isa = PBXVariantGroup;
			children = (
				84C5CE6320CE8F1C00F274A4 /* Base */,
			);
			name = LaunchScreen.storyboard;
			sourceTree = "<group>";
		};
/* End PBXVariantGroup section */

/* Begin XCBuildConfiguration section */
		84C5CE7120CE8F1D00F274A4 /* Debug */ = {
			isa = XCBuildConfiguration;
			buildSettings = {
				ALWAYS_SEARCH_USER_PATHS = NO;
				CLANG_ANALYZER_NONNULL = YES;
				CLANG_ANALYZER_NUMBER_OBJECT_CONVERSION = YES_AGGRESSIVE;
				CLANG_CXX_LANGUAGE_STANDARD = "gnu++14";
				CLANG_CXX_LIBRARY = "libc++";
				CLANG_ENABLE_MODULES = YES;
				CLANG_ENABLE_OBJC_ARC = YES;
				CLANG_WARN_BLOCK_CAPTURE_AUTORELEASING = YES;
				CLANG_WARN_BOOL_CONVERSION = YES;
				CLANG_WARN_COMMA = YES;
				CLANG_WARN_CONSTANT_CONVERSION = YES;
				CLANG_WARN_DIRECT_OBJC_ISA_USAGE = YES_ERROR;
				CLANG_WARN_DOCUMENTATION_COMMENTS = YES;
				CLANG_WARN_EMPTY_BODY = YES;
				CLANG_WARN_ENUM_CONVERSION = YES;
				CLANG_WARN_INFINITE_RECURSION = YES;
				CLANG_WARN_INT_CONVERSION = YES;
				CLANG_WARN_NON_LITERAL_NULL_CONVERSION = YES;
				CLANG_WARN_OBJC_LITERAL_CONVERSION = YES;
				CLANG_WARN_OBJC_ROOT_CLASS = YES_ERROR;
				CLANG_WARN_RANGE_LOOP_ANALYSIS = YES;
				CLANG_WARN_STRICT_PROTOTYPES = YES;
				CLANG_WARN_SUSPICIOUS_MOVE = YES;
				CLANG_WARN_UNGUARDED_AVAILABILITY = YES_AGGRESSIVE;
				CLANG_WARN_UNREACHABLE_CODE = YES;
				CLANG_WARN__DUPLICATE_METHOD_MATCH = YES;
				CODE_SIGN_IDENTITY = "iPhone Developer";
				COPY_PHASE_STRIP = NO;
				DEBUG_INFORMATION_FORMAT = dwarf;
				ENABLE_STRICT_OBJC_MSGSEND = YES;
				ENABLE_TESTABILITY = YES;
				GCC_C_LANGUAGE_STANDARD = gnu11;
				GCC_DYNAMIC_NO_PIC = NO;
				GCC_NO_COMMON_BLOCKS = YES;
				GCC_OPTIMIZATION_LEVEL = 0;
				GCC_PREPROCESSOR_DEFINITIONS = (
					"DEBUG=1",
					"$(inherited)",
				);
				GCC_WARN_64_TO_32_BIT_CONVERSION = YES;
				GCC_WARN_ABOUT_RETURN_TYPE = YES_ERROR;
				GCC_WARN_UNDECLARED_SELECTOR = YES;
				GCC_WARN_UNINITIALIZED_AUTOS = YES_AGGRESSIVE;
				GCC_WARN_UNUSED_FUNCTION = YES;
				GCC_WARN_UNUSED_VARIABLE = YES;
				IPHONEOS_DEPLOYMENT_TARGET = 11.2;
				MTL_ENABLE_DEBUG_INFO = YES;
				ONLY_ACTIVE_ARCH = YES;
				SDKROOT = iphoneos;
				SWIFT_ACTIVE_COMPILATION_CONDITIONS = DEBUG;
				SWIFT_OPTIMIZATION_LEVEL = "-Onone";
			};
			name = Debug;
		};
		84C5CE7220CE8F1D00F274A4 /* Release */ = {
			isa = XCBuildConfiguration;
			buildSettings = {
				ALWAYS_SEARCH_USER_PATHS = NO;
				CLANG_ANALYZER_NONNULL = YES;
				CLANG_ANALYZER_NUMBER_OBJECT_CONVERSION = YES_AGGRESSIVE;
				CLANG_CXX_LANGUAGE_STANDARD = "gnu++14";
				CLANG_CXX_LIBRARY = "libc++";
				CLANG_ENABLE_MODULES = YES;
				CLANG_ENABLE_OBJC_ARC = YES;
				CLANG_WARN_BLOCK_CAPTURE_AUTORELEASING = YES;
				CLANG_WARN_BOOL_CONVERSION = YES;
				CLANG_WARN_COMMA = YES;
				CLANG_WARN_CONSTANT_CONVERSION = YES;
				CLANG_WARN_DIRECT_OBJC_ISA_USAGE = YES_ERROR;
				CLANG_WARN_DOCUMENTATION_COMMENTS = YES;
				CLANG_WARN_EMPTY_BODY = YES;
				CLANG_WARN_ENUM_CONVERSION = YES;
				CLANG_WARN_INFINITE_RECURSION = YES;
				CLANG_WARN_INT_CONVERSION = YES;
				CLANG_WARN_NON_LITERAL_NULL_CONVERSION = YES;
				CLANG_WARN_OBJC_LITERAL_CONVERSION = YES;
				CLANG_WARN_OBJC_ROOT_CLASS = YES_ERROR;
				CLANG_WARN_RANGE_LOOP_ANALYSIS = YES;
				CLANG_WARN_STRICT_PROTOTYPES = YES;
				CLANG_WARN_SUSPICIOUS_MOVE = YES;
				CLANG_WARN_UNGUARDED_AVAILABILITY = YES_AGGRESSIVE;
				CLANG_WARN_UNREACHABLE_CODE = YES;
				CLANG_WARN__DUPLICATE_METHOD_MATCH = YES;
				CODE_SIGN_IDENTITY = "iPhone Developer";
				COPY_PHASE_STRIP = NO;
				DEBUG_INFORMATION_FORMAT = "dwarf-with-dsym";
				ENABLE_NS_ASSERTIONS = NO;
				ENABLE_STRICT_OBJC_MSGSEND = YES;
				GCC_C_LANGUAGE_STANDARD = gnu11;
				GCC_NO_COMMON_BLOCKS = YES;
				GCC_WARN_64_TO_32_BIT_CONVERSION = YES;
				GCC_WARN_ABOUT_RETURN_TYPE = YES_ERROR;
				GCC_WARN_UNDECLARED_SELECTOR = YES;
				GCC_WARN_UNINITIALIZED_AUTOS = YES_AGGRESSIVE;
				GCC_WARN_UNUSED_FUNCTION = YES;
				GCC_WARN_UNUSED_VARIABLE = YES;
				IPHONEOS_DEPLOYMENT_TARGET = 11.2;
				MTL_ENABLE_DEBUG_INFO = NO;
				SDKROOT = iphoneos;
				SWIFT_OPTIMIZATION_LEVEL = "-Owholemodule";
				VALIDATE_PRODUCT = YES;
			};
			name = Release;
		};
		84C5CE7420CE8F1D00F274A4 /* Debug */ = {
			isa = XCBuildConfiguration;
			buildSettings = {
				ASSETCATALOG_COMPILER_APPICON_NAME = AppIcon;
				CODE_SIGN_STYLE = Automatic;
				DEVELOPMENT_TEAM = HS26E3V4RC;
				INFOPLIST_FILE = conf2018rx/Info.plist;
				LD_RUNPATH_SEARCH_PATHS = "$(inherited) @executable_path/Frameworks";
				PRODUCT_BUNDLE_IDENTIFIER = com.hemet.conf2018rx;
				PRODUCT_NAME = "$(TARGET_NAME)";
				SWIFT_VERSION = 4.0;
				TARGETED_DEVICE_FAMILY = "1,2";
			};
			name = Debug;
		};
		84C5CE7520CE8F1D00F274A4 /* Release */ = {
			isa = XCBuildConfiguration;
			buildSettings = {
				ASSETCATALOG_COMPILER_APPICON_NAME = AppIcon;
				CODE_SIGN_STYLE = Automatic;
				DEVELOPMENT_TEAM = HS26E3V4RC;
				INFOPLIST_FILE = conf2018rx/Info.plist;
				LD_RUNPATH_SEARCH_PATHS = "$(inherited) @executable_path/Frameworks";
				PRODUCT_BUNDLE_IDENTIFIER = com.hemet.conf2018rx;
				PRODUCT_NAME = "$(TARGET_NAME)";
				SWIFT_VERSION = 4.0;
				TARGETED_DEVICE_FAMILY = "1,2";
			};
			name = Release;
		};
		84C5CE7720CE8F1D00F274A4 /* Debug */ = {
			isa = XCBuildConfiguration;
			buildSettings = {
				ALWAYS_EMBED_SWIFT_STANDARD_LIBRARIES = YES;
				BUNDLE_LOADER = "$(TEST_HOST)";
				CODE_SIGN_STYLE = Automatic;
				DEVELOPMENT_TEAM = HS26E3V4RC;
				INFOPLIST_FILE = conf2018rxTests/Info.plist;
				LD_RUNPATH_SEARCH_PATHS = "$(inherited) @executable_path/Frameworks @loader_path/Frameworks";
				PRODUCT_BUNDLE_IDENTIFIER = com.hemet.conf2018rxTests;
				PRODUCT_NAME = "$(TARGET_NAME)";
				SWIFT_VERSION = 4.0;
				TARGETED_DEVICE_FAMILY = "1,2";
				TEST_HOST = "$(BUILT_PRODUCTS_DIR)/conf2018rx.app/conf2018rx";
			};
			name = Debug;
		};
		84C5CE7820CE8F1D00F274A4 /* Release */ = {
			isa = XCBuildConfiguration;
			buildSettings = {
				ALWAYS_EMBED_SWIFT_STANDARD_LIBRARIES = YES;
				BUNDLE_LOADER = "$(TEST_HOST)";
				CODE_SIGN_STYLE = Automatic;
				DEVELOPMENT_TEAM = HS26E3V4RC;
				INFOPLIST_FILE = conf2018rxTests/Info.plist;
				LD_RUNPATH_SEARCH_PATHS = "$(inherited) @executable_path/Frameworks @loader_path/Frameworks";
				PRODUCT_BUNDLE_IDENTIFIER = com.hemet.conf2018rxTests;
				PRODUCT_NAME = "$(TARGET_NAME)";
				SWIFT_VERSION = 4.0;
				TARGETED_DEVICE_FAMILY = "1,2";
				TEST_HOST = "$(BUILT_PRODUCTS_DIR)/conf2018rx.app/conf2018rx";
			};
			name = Release;
		};
/* End XCBuildConfiguration section */

/* Begin XCConfigurationList section */
		84C5CE5120CE8F1C00F274A4 /* Build configuration list for PBXProject "conf2018rx" */ = {
			isa = XCConfigurationList;
			buildConfigurations = (
				84C5CE7120CE8F1D00F274A4 /* Debug */,
				84C5CE7220CE8F1D00F274A4 /* Release */,
			);
			defaultConfigurationIsVisible = 0;
			defaultConfigurationName = Release;
		};
		84C5CE7320CE8F1D00F274A4 /* Build configuration list for PBXNativeTarget "conf2018rx" */ = {
			isa = XCConfigurationList;
			buildConfigurations = (
				84C5CE7420CE8F1D00F274A4 /* Debug */,
				84C5CE7520CE8F1D00F274A4 /* Release */,
			);
			defaultConfigurationIsVisible = 0;
			defaultConfigurationName = Release;
		};
		84C5CE7620CE8F1D00F274A4 /* Build configuration list for PBXNativeTarget "conf2018rxTests" */ = {
			isa = XCConfigurationList;
			buildConfigurations = (
				84C5CE7720CE8F1D00F274A4 /* Debug */,
				84C5CE7820CE8F1D00F274A4 /* Release */,
			);
			defaultConfigurationIsVisible = 0;
			defaultConfigurationName = Release;
		};
/* End XCConfigurationList section */
	};
	rootObject = 84C5CE4E20CE8F1C00F274A4 /* Project object */;
}
